
Microsoft Visual Studio Solution File, Format Version 12.00
# Visual Studio Version 16
VisualStudioVersion = 25.0.1700.7
MinimumVisualStudioVersion = 10.0.40219.1
Project("{FAE04EC0-301F-11D3-BF4B-00C04F79EFBC}") = "BlockChain", "BlockChain.csproj", "{E1596680-9B60-4D22-BBE3-0AAF79E9DC1F}"
EndProject
Global
	GlobalSection(SolutionConfigurationPlatforms) = preSolution
		Debug|Any CPU = Debug|Any CPU
		Release|Any CPU = Release|Any CPU
	EndGlobalSection
	GlobalSection(ProjectConfigurationPlatforms) = postSolution
		{E1596680-9B60-4D22-BBE3-0AAF79E9DC1F}.Debug|Any CPU.ActiveCfg = Debug|Any CPU
		{E1596680-9B60-4D22-BBE3-0AAF79E9DC1F}.Debug|Any CPU.Build.0 = Debug|Any CPU
		{E1596680-9B60-4D22-BBE3-0AAF79E9DC1F}.Release|Any CPU.ActiveCfg = Release|Any CPU
		{E1596680-9B60-4D22-BBE3-0AAF79E9DC1F}.Release|Any CPU.Build.0 = Release|Any CPU
	EndGlobalSection
	GlobalSection(SolutionProperties) = preSolution
		HideSolutionNode = FALSE
	EndGlobalSection
	GlobalSection(ExtensibilityGlobals) = postSolution
		SolutionGuid = {339AAAB7-7C38-421D-B42C-C5B8203B2002}
	EndGlobalSection
EndGlobal
